{
    "_readme": [
        "This file locks the dependencies of your project to a known state",
        "Read more about it at https://getcomposer.org/doc/01-basic-usage.md#installing-dependencies",
        "This file is @generated automatically"
    ],
    "content-hash": "2cb3e0e18f123460e120f27762b2861e",
    "packages": [
        {
          "name": "doctrine/inflector",
          "version": "1.4.2",
          "source": {
            "type": "git",
            "url": "https://github.com/doctrine/inflector.git",
            "reference": "889b42b8155f2aa274596b6e0424371b1e3c51bb"
          },
          "dist": {
            "type": "zip",
            "url": "https://api.github.com/repos/doctrine/inflector/zipball/889b42b8155f2aa274596b6e0424371b1e3c51bb",
            "reference": "889b42b8155f2aa274596b6e0424371b1e3c51bb",
            "shasum": ""
          },
            "require": {
              "php": "^7.2 || ^8.0"
            },
            "require-dev": {
              "doctrine/coding-standard": "^7.0",
              "phpstan/phpstan": "^0.11",
              "phpstan/phpstan-phpunit": "^0.11",
              "phpstan/phpstan-strict-rules": "^0.11",
              "phpunit/phpunit": "^7.0 || ^8.0 || ^9.0"
            },
            "type": "library",
            "extra": {
                "branch-alias": {
                  "dev-master": "2.0.x-dev"
                }
            },
            "autoload": {
                "psr-4": {
                  "Doctrine\\Common\\Inflector\\": "lib/Doctrine/Common/Inflector",
                  "Doctrine\\Inflector\\": "lib/Doctrine/Inflector"
                }
            },
            "notification-url": "https://packagist.org/downloads/",
            "license": [
                "MIT"
            ],
            "authors": [
                {
                    "name": "Guilherme Blanco",
                    "email": "guilhermeblanco@gmail.com"
                },
                {
                    "name": "Roman Borschel",
                    "email": "roman@code-factory.org"
                },
                {
                    "name": "Benjamin Eberlei",
                    "email": "kontakt@beberlei.de"
                },
              {
                "name": "Jonathan Wage",
                "email": "jonwage@gmail.com"
              },
              {
                "name": "Johannes Schmitt",
                "email": "schmittjoh@gmail.com"
              }
            ],
          "description": "PHP Doctrine Inflector is a small library that can perform string manipulations with regard to upper/lowercase and singular/plural forms of words.",
          "homepage": "https://www.doctrine-project.org/projects/inflector.html",
          "keywords": [
            "inflection",
            "inflector",
            "lowercase",
            "manipulation",
            "php",
            "plural",
            "singular",
            "strings",
            "uppercase",
            "words"
          ],
          "funding": [
            {
              "url": "https://www.doctrine-project.org/sponsorship.html",
              "type": "custom"
            },
            {
              "url": "https://www.patreon.com/phpdoctrine",
              "type": "patreon"
            },
            {
              "url": "https://tidelift.com/funding/github/packagist/doctrine%2Finflector",
              "type": "tidelift"
            }
          ],
          "time": "2020-05-25T20:02:40+00:00"
        },
      {
        "name": "symfony/polyfill-ctype",
        "version": "v1.17.0",
        "source": {
          "type": "git",
          "url": "https://github.com/symfony/polyfill-ctype.git",
          "reference": "e94c8b1bbe2bc77507a1056cdb06451c75b427f9"
        },
        "dist": {
          "type": "zip",
          "url": "https://api.github.com/repos/symfony/polyfill-ctype/zipball/e94c8b1bbe2bc77507a1056cdb06451c75b427f9",
          "reference": "e94c8b1bbe2bc77507a1056cdb06451c75b427f9",
          "shasum": ""
        },
            "require": {
                "php": ">=5.3.3"
            },
            "suggest": {
                "ext-ctype": "For best performance"
            },
            "type": "library",
            "extra": {
                "branch-alias": {
                  "dev-master": "1.17-dev"
                }
            },
            "autoload": {
                "psr-4": {
                    "Symfony\\Polyfill\\Ctype\\": ""
                },
                "files": [
                    "bootstrap.php"
                ]
            },
            "notification-url": "https://packagist.org/downloads/",
            "license": [
                "MIT"
            ],
            "authors": [
                {
                    "name": "Gert de Pagter",
                    "email": "BackEndTea@gmail.com"
                },
                {
                    "name": "Symfony Community",
                    "homepage": "https://symfony.com/contributors"
                }
            ],
        "description": "Symfony polyfill for ctype functions",
        "homepage": "https://symfony.com",
        "keywords": [
          "compatibility",
          "ctype",
          "polyfill",
          "portable"
        ],
        "funding": [
          {
            "url": "https://symfony.com/sponsor",
            "type": "custom"
          },
          {
            "url": "https://github.com/fabpot",
            "type": "github"
          },
          {
            "url": "https://tidelift.com/funding/github/packagist/symfony/symfony",
            "type": "tidelift"
          }
        ],
        "time": "2020-05-12T16:14:59+00:00"
      },
      {
        "name": "symfony/polyfill-php73",
        "version": "v1.17.0",
        "source": {
          "type": "git",
          "url": "https://github.com/symfony/polyfill-php73.git",
          "reference": "a760d8964ff79ab9bf057613a5808284ec852ccc"
        },
        "dist": {
          "type": "zip",
          "url": "https://api.github.com/repos/symfony/polyfill-php73/zipball/a760d8964ff79ab9bf057613a5808284ec852ccc",
          "reference": "a760d8964ff79ab9bf057613a5808284ec852ccc",
          "shasum": ""
        },
            "require": {
                "php": ">=5.3.3"
            },
            "type": "library",
            "extra": {
                "branch-alias": {
                  "dev-master": "1.17-dev"
                }
            },
            "autoload": {
                "psr-4": {
                    "Symfony\\Polyfill\\Php73\\": ""
                },
                "files": [
                    "bootstrap.php"
                ],
                "classmap": [
                    "Resources/stubs"
                ]
            },
            "notification-url": "https://packagist.org/downloads/",
            "license": [
                "MIT"
            ],
            "authors": [
                {
                    "name": "Nicolas Grekas",
                    "email": "p@tchwork.com"
                },
                {
                    "name": "Symfony Community",
                    "homepage": "https://symfony.com/contributors"
                }
            ],
        "description": "Symfony polyfill backporting some PHP 7.3+ features to lower PHP versions",
        "homepage": "https://symfony.com",
        "keywords": [
          "compatibility",
          "polyfill",
          "portable",
          "shim"
        ],
        "funding": [
          {
            "url": "https://symfony.com/sponsor",
            "type": "custom"
          },
          {
            "url": "https://github.com/fabpot",
            "type": "github"
          },
          {
            "url": "https://tidelift.com/funding/github/packagist/symfony/symfony",
            "type": "tidelift"
          }
        ],
        "time": "2020-05-12T16:47:27+00:00"
      }
    ],
    "packages-dev": [],
    "aliases": [],
  "minimum-stability": "stable",
  "stability-flags": [],
  "prefer-stable": false,
  "prefer-lowest": false,
  "platform": {
    "php": "^7.1",
    "ext-ctype": "*",
    "ext-mbstring": "*",
    "ext-json": "*"
  },
  "platform-dev": [],
  "plugin-api-version": "1.1.0"
}
